// !$*UTF8*$!
{
	archiveVersion = 1;
	classes = {
	};
	objectVersion = 56;
	objects = {

/* Begin PBXBuildFile section */
		6637CE152BCF9277000FF2AB /* AppDelegate.swift in Sources */ = {isa = PBXBuildFile; fileRef = 6637CE142BCF9277000FF2AB /* AppDelegate.swift */; };
		6637CE172BCF9277000FF2AB /* SceneDelegate.swift in Sources */ = {isa = PBXBuildFile; fileRef = 6637CE162BCF9277000FF2AB /* SceneDelegate.swift */; };
		6637CE192BCF9277000FF2AB /* ViewController.swift in Sources */ = {isa = PBXBuildFile; fileRef = 6637CE182BCF9277000FF2AB /* ViewController.swift */; };
		6637CE1C2BCF9277000FF2AB /* Base in Resources */ = {isa = PBXBuildFile; fileRef = 6637CE1B2BCF9277000FF2AB /* Base */; };
		6637CE1E2BCF927A000FF2AB /* Assets.xcassets in Resources */ = {isa = PBXBuildFile; fileRef = 6637CE1D2BCF927A000FF2AB /* Assets.xcassets */; };
		6637CE212BCF927A000FF2AB /* Base in Resources */ = {isa = PBXBuildFile; fileRef = 6637CE202BCF927A000FF2AB /* Base */; };
		6637CE2C2BCF927B000FF2AB /* lifecounterTests.swift in Sources */ = {isa = PBXBuildFile; fileRef = 6637CE2B2BCF927B000FF2AB /* lifecounterTests.swift */; };
		6637CE362BCF927B000FF2AB /* lifecounterUITests.swift in Sources */ = {isa = PBXBuildFile; fileRef = 6637CE352BCF927B000FF2AB /* lifecounterUITests.swift */; };
		6637CE382BCF927B000FF2AB /* lifecounterUITestsLaunchTests.swift in Sources */ = {isa = PBXBuildFile; fileRef = 6637CE372BCF927B000FF2AB /* lifecounterUITestsLaunchTests.swift */; };
		66C056662BDA2A7200CBC548 /* HistoryScreen.swift in Sources */ = {isa = PBXBuildFile; fileRef = 66C056652BDA2A7200CBC548 /* HistoryScreen.swift */; };
/* End PBXBuildFile section */

/* Begin PBXContainerItemProxy section */
		6637CE282BCF927B000FF2AB /* PBXContainerItemProxy */ = {
			isa = PBXContainerItemProxy;
			containerPortal = 6637CE092BCF9277000FF2AB /* Project object */;
			proxyType = 1;
			remoteGlobalIDString = 6637CE102BCF9277000FF2AB;
			remoteInfo = lifecounter;
		};
		6637CE322BCF927B000FF2AB /* PBXContainerItemProxy */ = {
			isa = PBXContainerItemProxy;
			containerPortal = 6637CE092BCF9277000FF2AB /* Project object */;
			proxyType = 1;
			remoteGlobalIDString = 6637CE102BCF9277000FF2AB;
			remoteInfo = lifecounter;
		};
/* End PBXContainerItemProxy section */

/* Begin PBXFileReference section */
		6637CE112BCF9277000FF2AB /* lifecounter.app */ = {isa = PBXFileReference; explicitFileType = wrapper.application; includeInIndex = 0; path = lifecounter.app; sourceTree = BUILT_PRODUCTS_DIR; };
		6637CE142BCF9277000FF2AB /* AppDelegate.swift */ = {isa = PBXFileReference; lastKnownFileType = sourcecode.swift; path = AppDelegate.swift; sourceTree = "<group>"; };
		6637CE162BCF9277000FF2AB /* SceneDelegate.swift */ = {isa = PBXFileReference; lastKnownFileType = sourcecode.swift; path = SceneDelegate.swift; sourceTree = "<group>"; };
		6637CE182BCF9277000FF2AB /* ViewController.swift */ = {isa = PBXFileReference; lastKnownFileType = sourcecode.swift; path = ViewController.swift; sourceTree = "<group>"; };
		6637CE1B2BCF9277000FF2AB /* Base */ = {isa = PBXFileReference; lastKnownFileType = file.storyboard; name = Base; path = Base.lproj/Main.storyboard; sourceTree = "<group>"; };
		6637CE1D2BCF927A000FF2AB /* Assets.xcassets */ = {isa = PBXFileReference; lastKnownFileType = folder.assetcatalog; path = Assets.xcassets; sourceTree = "<group>"; };
		6637CE202BCF927A000FF2AB /* Base */ = {isa = PBXFileReference; lastKnownFileType = file.storyboard; name = Base; path = Base.lproj/LaunchScreen.storyboard; sourceTree = "<group>"; };
		6637CE222BCF927A000FF2AB /* Info.plist */ = {isa = PBXFileReference; lastKnownFileType = text.plist.xml; path = Info.plist; sourceTree = "<group>"; };
		6637CE272BCF927B000FF2AB /* lifecounterTests.xctest */ = {isa = PBXFileReference; explicitFileType = wrapper.cfbundle; includeInIndex = 0; path = lifecounterTests.xctest; sourceTree = BUILT_PRODUCTS_DIR; };
		6637CE2B2BCF927B000FF2AB /* lifecounterTests.swift */ = {isa = PBXFileReference; lastKnownFileType = sourcecode.swift; path = lifecounterTests.swift; sourceTree = "<group>"; };
		6637CE312BCF927B000FF2AB /* lifecounterUITests.xctest */ = {isa = PBXFileReference; explicitFileType = wrapper.cfbundle; includeInIndex = 0; path = lifecounterUITests.xctest; sourceTree = BUILT_PRODUCTS_DIR; };
		6637CE352BCF927B000FF2AB /* lifecounterUITests.swift */ = {isa = PBXFileReference; lastKnownFileType = sourcecode.swift; path = lifecounterUITests.swift; sourceTree = "<group>"; };
		6637CE372BCF927B000FF2AB /* lifecounterUITestsLaunchTests.swift */ = {isa = PBXFileReference; lastKnownFileType = sourcecode.swift; path = lifecounterUITestsLaunchTests.swift; sourceTree = "<group>"; };
		66C056652BDA2A7200CBC548 /* HistoryScreen.swift */ = {isa = PBXFileReference; lastKnownFileType = sourcecode.swift; path = HistoryScreen.swift; sourceTree = "<group>"; };
/* End PBXFileReference section */

/* Begin PBXFrameworksBuildPhase section */
		6637CE0E2BCF9277000FF2AB /* Frameworks */ = {
			isa = PBXFrameworksBuildPhase;
			buildActionMask = 2147483647;
			files = (
			);
			runOnlyForDeploymentPostprocessing = 0;
		};
		6637CE242BCF927B000FF2AB /* Frameworks */ = {
			isa = PBXFrameworksBuildPhase;
			buildActionMask = 2147483647;
			files = (
			);
			runOnlyForDeploymentPostprocessing = 0;
		};
		6637CE2E2BCF927B000FF2AB /* Frameworks */ = {
			isa = PBXFrameworksBuildPhase;
			buildActionMask = 2147483647;
			files = (
			);
			runOnlyForDeploymentPostprocessing = 0;
		};
/* End PBXFrameworksBuildPhase section */

/* Begin PBXGroup section */
		6637CE082BCF9277000FF2AB = {
			isa = PBXGroup;
			children = (
				6637CE132BCF9277000FF2AB /* lifecounter */,
				6637CE2A2BCF927B000FF2AB /* lifecounterTests */,
				6637CE342BCF927B000FF2AB /* lifecounterUITests */,
				6637CE122BCF9277000FF2AB /* Products */,
			);
			sourceTree = "<group>";
		};
		6637CE122BCF9277000FF2AB /* Products */ = {
			isa = PBXGroup;
			children = (
				6637CE112BCF9277000FF2AB /* lifecounter.app */,
				6637CE272BCF927B000FF2AB /* lifecounterTests.xctest */,
				6637CE312BCF927B000FF2AB /* lifecounterUITests.xctest */,
			);
			name = Products;
			sourceTree = "<group>";
		};
		6637CE132BCF9277000FF2AB /* lifecounter */ = {
			isa = PBXGroup;
			children = (
				6637CE142BCF9277000FF2AB /* AppDelegate.swift */,
				6637CE162BCF9277000FF2AB /* SceneDelegate.swift */,
				66C056652BDA2A7200CBC548 /* HistoryScreen.swift */,
				6637CE182BCF9277000FF2AB /* ViewController.swift */,
				6637CE1A2BCF9277000FF2AB /* Main.storyboard */,
				6637CE1D2BCF927A000FF2AB /* Assets.xcassets */,
				6637CE1F2BCF927A000FF2AB /* LaunchScreen.storyboard */,
				6637CE222BCF927A000FF2AB /* Info.plist */,
			);
			path = lifecounter;
			sourceTree = "<group>";
		};
		6637CE2A2BCF927B000FF2AB /* lifecounterTests */ = {
			isa = PBXGroup;
			children = (
				6637CE2B2BCF927B000FF2AB /* lifecounterTests.swift */,
			);
			path = lifecounterTests;
			sourceTree = "<group>";
		};
		6637CE342BCF927B000FF2AB /* lifecounterUITests */ = {
			isa = PBXGroup;
			children = (
				6637CE352BCF927B000FF2AB /* lifecounterUITests.swift */,
				6637CE372BCF927B000FF2AB /* lifecounterUITestsLaunchTests.swift */,
			);
			path = lifecounterUITests;
			sourceTree = "<group>";
		};
/* End PBXGroup section */

/* Begin PBXNativeTarget section */
		6637CE102BCF9277000FF2AB /* lifecounter */ = {
			isa = PBXNativeTarget;
			buildConfigurationList = 6637CE3B2BCF927B000FF2AB /* Build configuration list for PBXNativeTarget "lifecounter" */;
			buildPhases = (
				6637CE0D2BCF9277000FF2AB /* Sources */,
				6637CE0E2BCF9277000FF2AB /* Frameworks */,
				6637CE0F2BCF9277000FF2AB /* Resources */,
			);
			buildRules = (
			);
			dependencies = (
			);
			name = lifecounter;
			productName = lifecounter;
			productReference = 6637CE112BCF9277000FF2AB /* lifecounter.app */;
			productType = "com.apple.product-type.application";
		};
		6637CE262BCF927B000FF2AB /* lifecounterTests */ = {
			isa = PBXNativeTarget;
			buildConfigurationList = 6637CE3E2BCF927B000FF2AB /* Build configuration list for PBXNativeTarget "lifecounterTests" */;
			buildPhases = (
				6637CE232BCF927B000FF2AB /* Sources */,
				6637CE242BCF927B000FF2AB /* Frameworks */,
				6637CE252BCF927B000FF2AB /* Resources */,
			);
			buildRules = (
			);
			dependencies = (
				6637CE292BCF927B000FF2AB /* PBXTargetDependency */,
			);
			name = lifecounterTests;
			productName = lifecounterTests;
			productReference = 6637CE272BCF927B000FF2AB /* lifecounterTests.xctest */;
			productType = "com.apple.product-type.bundle.unit-test";
		};
		6637CE302BCF927B000FF2AB /* lifecounterUITests */ = {
			isa = PBXNativeTarget;
			buildConfigurationList = 6637CE412BCF927B000FF2AB /* Build configuration list for PBXNativeTarget "lifecounterUITests" */;
			buildPhases = (
				6637CE2D2BCF927B000FF2AB /* Sources */,
				6637CE2E2BCF927B000FF2AB /* Frameworks */,
				6637CE2F2BCF927B000FF2AB /* Resources */,
			);
			buildRules = (
			);
			dependencies = (
				6637CE332BCF927B000FF2AB /* PBXTargetDependency */,
			);
			name = lifecounterUITests;
			productName = lifecounterUITests;
			productReference = 6637CE312BCF927B000FF2AB /* lifecounterUITests.xctest */;
			productType = "com.apple.product-type.bundle.ui-testing";
		};
/* End PBXNativeTarget section */

/* Begin PBXProject section */
		6637CE092BCF9277000FF2AB /* Project object */ = {
			isa = PBXProject;
			attributes = {
				BuildIndependentTargetsInParallel = 1;
				LastSwiftUpdateCheck = 1530;
				LastUpgradeCheck = 1530;
				TargetAttributes = {
					6637CE102BCF9277000FF2AB = {
						CreatedOnToolsVersion = 15.3;
					};
					6637CE262BCF927B000FF2AB = {
						CreatedOnToolsVersion = 15.3;
						TestTargetID = 6637CE102BCF9277000FF2AB;
					};
					6637CE302BCF927B000FF2AB = {
						CreatedOnToolsVersion = 15.3;
						TestTargetID = 6637CE102BCF9277000FF2AB;
					};
				};
			};
			buildConfigurationList = 6637CE0C2BCF9277000FF2AB /* Build configuration list for PBXProject "lifecounter" */;
			compatibilityVersion = "Xcode 14.0";
			developmentRegion = en;
			hasScannedForEncodings = 0;
			knownRegions = (
				en,
				Base,
			);
			mainGroup = 6637CE082BCF9277000FF2AB;
			productRefGroup = 6637CE122BCF9277000FF2AB /* Products */;
			projectDirPath = "";
			projectRoot = "";
			targets = (
				6637CE102BCF9277000FF2AB /* lifecounter */,
				6637CE262BCF927B000FF2AB /* lifecounterTests */,
				6637CE302BCF927B000FF2AB /* lifecounterUITests */,
			);
		};
/* End PBXProject section */

/* Begin PBXResourcesBuildPhase section */
		6637CE0F2BCF9277000FF2AB /* Resources */ = {
			isa = PBXResourcesBuildPhase;
			buildActionMask = 2147483647;
			files = (
				6637CE1E2BCF927A000FF2AB /* Assets.xcassets in Resources */,
				6637CE212BCF927A000FF2AB /* Base in Resources */,
				6637CE1C2BCF9277000FF2AB /* Base in Resources */,
			);
			runOnlyForDeploymentPostprocessing = 0;
		};
		6637CE252BCF927B000FF2AB /* Resources */ = {
			isa = PBXResourcesBuildPhase;
			buildActionMask = 2147483647;
			files = (
			);
			runOnlyForDeploymentPostprocessing = 0;
		};
		6637CE2F2BCF927B000FF2AB /* Resources */ = {
			isa = PBXResourcesBuildPhase;
			buildActionMask = 2147483647;
			files = (
			);
			runOnlyForDeploymentPostprocessing = 0;
		};
/* End PBXResourcesBuildPhase section */

/* Begin PBXSourcesBuildPhase section */
		6637CE0D2BCF9277000FF2AB /* Sources */ = {
			isa = PBXSourcesBuildPhase;
			buildActionMask = 2147483647;
			files = (
				66C056662BDA2A7200CBC548 /* HistoryScreen.swift in Sources */,
				6637CE192BCF9277000FF2AB /* ViewController.swift in Sources */,
				6637CE152BCF9277000FF2AB /* AppDelegate.swift in Sources */,
				6637CE172BCF9277000FF2AB /* SceneDelegate.swift in Sources */,
			);
			runOnlyForDeploymentPostprocessing = 0;
		};
		6637CE232BCF927B000FF2AB /* Sources */ = {
			isa = PBXSourcesBuildPhase;
			buildActionMask = 2147483647;
			files = (
				6637CE2C2BCF927B000FF2AB /* lifecounterTests.swift in Sources */,
			);
			runOnlyForDeploymentPostprocessing = 0;
		};
		6637CE2D2BCF927B000FF2AB /* Sources */ = {
			isa = PBXSourcesBuildPhase;
			buildActionMask = 2147483647;
			files = (
				6637CE362BCF927B000FF2AB /* lifecounterUITests.swift in Sources */,
				6637CE382BCF927B000FF2AB /* lifecounterUITestsLaunchTests.swift in Sources */,
			);
			runOnlyForDeploymentPostprocessing = 0;
		};
/* End PBXSourcesBuildPhase section */

/* Begin PBXTargetDependency section */
		6637CE292BCF927B000FF2AB /* PBXTargetDependency */ = {
			isa = PBXTargetDependency;
			target = 6637CE102BCF9277000FF2AB /* lifecounter */;
			targetProxy = 6637CE282BCF927B000FF2AB /* PBXContainerItemProxy */;
		};
		6637CE332BCF927B000FF2AB /* PBXTargetDependency */ = {
			isa = PBXTargetDependency;
			target = 6637CE102BCF9277000FF2AB /* lifecounter */;
			targetProxy = 6637CE322BCF927B000FF2AB /* PBXContainerItemProxy */;
		};
/* End PBXTargetDependency section */

/* Begin PBXVariantGroup section */
		6637CE1A2BCF9277000FF2AB /* Main.storyboard */ = {
			isa = PBXVariantGroup;
			children = (
				6637CE1B2BCF9277000FF2AB /* Base */,
			);
			name = Main.storyboard;
			sourceTree = "<group>";
		};
		6637CE1F2BCF927A000FF2AB /* LaunchScreen.storyboard */ = {
			isa = PBXVariantGroup;
			children = (
				6637CE202BCF927A000FF2AB /* Base */,
			);
			name = LaunchScreen.storyboard;
			sourceTree = "<group>";
		};
/* End PBXVariantGroup section */

/* Begin XCBuildConfiguration section */
		6637CE392BCF927B000FF2AB /* Debug */ = {
			isa = XCBuildConfiguration;
			buildSettings = {
				ALWAYS_SEARCH_USER_PATHS = NO;
				ASSETCATALOG_COMPILER_GENERATE_SWIFT_ASSET_SYMBOL_EXTENSIONS = YES;
				CLANG_ANALYZER_NONNULL = YES;
				CLANG_ANALYZER_NUMBER_OBJECT_CONVERSION = YES_AGGRESSIVE;
				CLANG_CXX_LANGUAGE_STANDARD = "gnu++20";
				CLANG_ENABLE_MODULES = YES;
				CLANG_ENABLE_OBJC_ARC = YES;
				CLANG_ENABLE_OBJC_WEAK = YES;
				CLANG_WARN_BLOCK_CAPTURE_AUTORELEASING = YES;
				CLANG_WARN_BOOL_CONVERSION = YES;
				CLANG_WARN_COMMA = YES;
				CLANG_WARN_CONSTANT_CONVERSION = YES;
				CLANG_WARN_DEPRECATED_OBJC_IMPLEMENTATIONS = YES;
				CLANG_WARN_DIRECT_OBJC_ISA_USAGE = YES_ERROR;
				CLANG_WARN_DOCUMENTATION_COMMENTS = YES;
				CLANG_WARN_EMPTY_BODY = YES;
				CLANG_WARN_ENUM_CONVERSION = YES;
				CLANG_WARN_INFINITE_RECURSION = YES;
				CLANG_WARN_INT_CONVERSION = YES;
				CLANG_WARN_NON_LITERAL_NULL_CONVERSION = YES;
				CLANG_WARN_OBJC_IMPLICIT_RETAIN_SELF = YES;
				CLANG_WARN_OBJC_LITERAL_CONVERSION = YES;
				CLANG_WARN_OBJC_ROOT_CLASS = YES_ERROR;
				CLANG_WARN_QUOTED_INCLUDE_IN_FRAMEWORK_HEADER = YES;
				CLANG_WARN_RANGE_LOOP_ANALYSIS = YES;
				CLANG_WARN_STRICT_PROTOTYPES = YES;
				CLANG_WARN_SUSPICIOUS_MOVE = YES;
				CLANG_WARN_UNGUARDED_AVAILABILITY = YES_AGGRESSIVE;
				CLANG_WARN_UNREACHABLE_CODE = YES;
				CLANG_WARN__DUPLICATE_METHOD_MATCH = YES;
				COPY_PHASE_STRIP = NO;
				DEBUG_INFORMATION_FORMAT = dwarf;
				ENABLE_STRICT_OBJC_MSGSEND = YES;
				ENABLE_TESTABILITY = YES;
				ENABLE_USER_SCRIPT_SANDBOXING = YES;
				GCC_C_LANGUAGE_STANDARD = gnu17;
				GCC_DYNAMIC_NO_PIC = NO;
				GCC_NO_COMMON_BLOCKS = YES;
				GCC_OPTIMIZATION_LEVEL = 0;
				GCC_PREPROCESSOR_DEFINITIONS = (
					"DEBUG=1",
					"$(inherited)",
				);
				GCC_WARN_64_TO_32_BIT_CONVERSION = YES;
				GCC_WARN_ABOUT_RETURN_TYPE = YES_ERROR;
				GCC_WARN_UNDECLARED_SELECTOR = YES;
				GCC_WARN_UNINITIALIZED_AUTOS = YES_AGGRESSIVE;
				GCC_WARN_UNUSED_FUNCTION = YES;
				GCC_WARN_UNUSED_VARIABLE = YES;
				IPHONEOS_DEPLOYMENT_TARGET = 17.4;
				LOCALIZATION_PREFERS_STRING_CATALOGS = YES;
				MTL_ENABLE_DEBUG_INFO = INCLUDE_SOURCE;
				MTL_FAST_MATH = YES;
				ONLY_ACTIVE_ARCH = YES;
				SDKROOT = iphoneos;
				SWIFT_ACTIVE_COMPILATION_CONDITIONS = "DEBUG $(inherited)";
				SWIFT_OPTIMIZATION_LEVEL = "-Onone";
			};
			name = Debug;
		};
		6637CE3A2BCF927B000FF2AB /* Release */ = {
			isa = XCBuildConfiguration;
			buildSettings = {
				ALWAYS_SEARCH_USER_PATHS = NO;
				ASSETCATALOG_COMPILER_GENERATE_SWIFT_ASSET_SYMBOL_EXTENSIONS = YES;
				CLANG_ANALYZER_NONNULL = YES;
				CLANG_ANALYZER_NUMBER_OBJECT_CONVERSION = YES_AGGRESSIVE;
				CLANG_CXX_LANGUAGE_STANDARD = "gnu++20";
				CLANG_ENABLE_MODULES = YES;
				CLANG_ENABLE_OBJC_ARC = YES;
				CLANG_ENABLE_OBJC_WEAK = YES;
				CLANG_WARN_BLOCK_CAPTURE_AUTORELEASING = YES;
				CLANG_WARN_BOOL_CONVERSION = YES;
				CLANG_WARN_COMMA = YES;
				CLANG_WARN_CONSTANT_CONVERSION = YES;
				CLANG_WARN_DEPRECATED_OBJC_IMPLEMENTATIONS = YES;
				CLANG_WARN_DIRECT_OBJC_ISA_USAGE = YES_ERROR;
				CLANG_WARN_DOCUMENTATION_COMMENTS = YES;
				CLANG_WARN_EMPTY_BODY = YES;
				CLANG_WARN_ENUM_CONVERSION = YES;
				CLANG_WARN_INFINITE_RECURSION = YES;
				CLANG_WARN_INT_CONVERSION = YES;
				CLANG_WARN_NON_LITERAL_NULL_CONVERSION = YES;
				CLANG_WARN_OBJC_IMPLICIT_RETAIN_SELF = YES;
				CLANG_WARN_OBJC_LITERAL_CONVERSION = YES;
				CLANG_WARN_OBJC_ROOT_CLASS = YES_ERROR;
				CLANG_WARN_QUOTED_INCLUDE_IN_FRAMEWORK_HEADER = YES;
				CLANG_WARN_RANGE_LOOP_ANALYSIS = YES;
				CLANG_WARN_STRICT_PROTOTYPES = YES;
				CLANG_WARN_SUSPICIOUS_MOVE = YES;
				CLANG_WARN_UNGUARDED_AVAILABILITY = YES_AGGRESSIVE;
				CLANG_WARN_UNREACHABLE_CODE = YES;
				CLANG_WARN__DUPLICATE_METHOD_MATCH = YES;
				COPY_PHASE_STRIP = NO;
				DEBUG_INFORMATION_FORMAT = "dwarf-with-dsym";
				ENABLE_NS_ASSERTIONS = NO;
				ENABLE_STRICT_OBJC_MSGSEND = YES;
				ENABLE_USER_SCRIPT_SANDBOXING = YES;
				GCC_C_LANGUAGE_STANDARD = gnu17;
				GCC_NO_COMMON_BLOCKS = YES;
				GCC_WARN_64_TO_32_BIT_CONVERSION = YES;
				GCC_WARN_ABOUT_RETURN_TYPE = YES_ERROR;
				GCC_WARN_UNDECLARED_SELECTOR = YES;
				GCC_WARN_UNINITIALIZED_AUTOS = YES_AGGRESSIVE;
				GCC_WARN_UNUSED_FUNCTION = YES;
				GCC_WARN_UNUSED_VARIABLE = YES;
				IPHONEOS_DEPLOYMENT_TARGET = 17.4;
				LOCALIZATION_PREFERS_STRING_CATALOGS = YES;
				MTL_ENABLE_DEBUG_INFO = NO;
				MTL_FAST_MATH = YES;
				SDKROOT = iphoneos;
				SWIFT_COMPILATION_MODE = wholemodule;
				VALIDATE_PRODUCT = YES;
			};
			name = Release;
		};
		6637CE3C2BCF927B000FF2AB /* Debug */ = {
			isa = XCBuildConfiguration;
			buildSettings = {
				ASSETCATALOG_COMPILER_APPICON_NAME = AppIcon;
				ASSETCATALOG_COMPILER_GLOBAL_ACCENT_COLOR_NAME = AccentColor;
				CODE_SIGN_STYLE = Automatic;
				CURRENT_PROJECT_VERSION = 1;
				DEVELOPMENT_TEAM = BAHNF9ZAAF;
				GENERATE_INFOPLIST_FILE = YES;
				INFOPLIST_FILE = lifecounter/Info.plist;
				INFOPLIST_KEY_UIApplicationSupportsIndirectInputEvents = YES;
				INFOPLIST_KEY_UILaunchStoryboardName = LaunchScreen;
				INFOPLIST_KEY_UIMainStoryboardFile = Main;
				INFOPLIST_KEY_UISupportedInterfaceOrientations_iPad = "UIInterfaceOrientationPortrait UIInterfaceOrientationPortraitUpsideDown UIInterfaceOrientationLandscapeLeft UIInterfaceOrientationLandscapeRight";
				INFOPLIST_KEY_UISupportedInterfaceOrientations_iPhone = "UIInterfaceOrientationPortrait UIInterfaceOrientationLandscapeLeft UIInterfaceOrientationLandscapeRight";
				LD_RUNPATH_SEARCH_PATHS = (
					"$(inherited)",
					"@executable_path/Frameworks",
				);
				MARKETING_VERSION = 1.0;
				PRODUCT_BUNDLE_IDENTIFIER = edu.gsingh9.lifecounter;
				PRODUCT_NAME = "$(TARGET_NAME)";
				SWIFT_EMIT_LOC_STRINGS = YES;
				SWIFT_VERSION = 5.0;
				TARGETED_DEVICE_FAMILY = "1,2";
			};
			name = Debug;
		};
		6637CE3D2BCF927B000FF2AB /* Release */ = {
			isa = XCBuildConfiguration;
			buildSettings = {
				ASSETCATALOG_COMPILER_APPICON_NAME = AppIcon;
				ASSETCATALOG_COMPILER_GLOBAL_ACCENT_COLOR_NAME = AccentColor;
				CODE_SIGN_STYLE = Automatic;
				CURRENT_PROJECT_VERSION = 1;
				DEVELOPMENT_TEAM = BAHNF9ZAAF;
				GENERATE_INFOPLIST_FILE = YES;
				INFOPLIST_FILE = lifecounter/Info.plist;
				INFOPLIST_KEY_UIApplicationSupportsIndirectInputEvents = YES;
				INFOPLIST_KEY_UILaunchStoryboardName = LaunchScreen;
				INFOPLIST_KEY_UIMainStoryboardFile = Main;
				INFOPLIST_KEY_UISupportedInterfaceOrientations_iPad = "UIInterfaceOrientationPortrait UIInterfaceOrientationPortraitUpsideDown UIInterfaceOrientationLandscapeLeft UIInterfaceOrientationLandscapeRight";
				INFOPLIST_KEY_UISupportedInterfaceOrientations_iPhone = "UIInterfaceOrientationPortrait UIInterfaceOrientationLandscapeLeft UIInterfaceOrientationLandscapeRight";
				LD_RUNPATH_SEARCH_PATHS = (
					"$(inherited)",
					"@executable_path/Frameworks",
				);
				MARKETING_VERSION = 1.0;
				PRODUCT_BUNDLE_IDENTIFIER = edu.gsingh9.lifecounter;
				PRODUCT_NAME = "$(TARGET_NAME)";
				SWIFT_EMIT_LOC_STRINGS = YES;
				SWIFT_VERSION = 5.0;
				TARGETED_DEVICE_FAMILY = "1,2";
			};
			name = Release;
		};
		6637CE3F2BCF927B000FF2AB /* Debug */ = {
			isa = XCBuildConfiguration;
			buildSettings = {
				ALWAYS_EMBED_SWIFT_STANDARD_LIBRARIES = YES;
				BUNDLE_LOADER = "$(TEST_HOST)";
				CODE_SIGN_STYLE = Automatic;
				CURRENT_PROJECT_VERSION = 1;
				DEVELOPMENT_TEAM = BAHNF9ZAAF;
				GENERATE_INFOPLIST_FILE = YES;
				IPHONEOS_DEPLOYMENT_TARGET = 17.4;
				MARKETING_VERSION = 1.0;
				PRODUCT_BUNDLE_IDENTIFIER = edu.gsingh9.lifecounterTests;
				PRODUCT_NAME = "$(TARGET_NAME)";
				SWIFT_EMIT_LOC_STRINGS = NO;
				SWIFT_VERSION = 5.0;
				TARGETED_DEVICE_FAMILY = "1,2";
				TEST_HOST = "$(BUILT_PRODUCTS_DIR)/lifecounter.app/$(BUNDLE_EXECUTABLE_FOLDER_PATH)/lifecounter";
			};
			name = Debug;
		};
		6637CE402BCF927B000FF2AB /* Release */ = {
			isa = XCBuildConfiguration;
			buildSettings = {
				ALWAYS_EMBED_SWIFT_STANDARD_LIBRARIES = YES;
				BUNDLE_LOADER = "$(TEST_HOST)";
				CODE_SIGN_STYLE = Automatic;
				CURRENT_PROJECT_VERSION = 1;
				DEVELOPMENT_TEAM = BAHNF9ZAAF;
				GENERATE_INFOPLIST_FILE = YES;
				IPHONEOS_DEPLOYMENT_TARGET = 17.4;
				MARKETING_VERSION = 1.0;
				PRODUCT_BUNDLE_IDENTIFIER = edu.gsingh9.lifecounterTests;
				PRODUCT_NAME = "$(TARGET_NAME)";
				SWIFT_EMIT_LOC_STRINGS = NO;
				SWIFT_VERSION = 5.0;
				TARGETED_DEVICE_FAMILY = "1,2";
				TEST_HOST = "$(BUILT_PRODUCTS_DIR)/lifecounter.app/$(BUNDLE_EXECUTABLE_FOLDER_PATH)/lifecounter";
			};
			name = Release;
		};
		6637CE422BCF927B000FF2AB /* Debug */ = {
			isa = XCBuildConfiguration;
			buildSettings = {
				ALWAYS_EMBED_SWIFT_STANDARD_LIBRARIES = YES;
				CODE_SIGN_STYLE = Automatic;
				CURRENT_PROJECT_VERSION = 1;
				DEVELOPMENT_TEAM = BAHNF9ZAAF;
				GENERATE_INFOPLIST_FILE = YES;
				MARKETING_VERSION = 1.0;
				PRODUCT_BUNDLE_IDENTIFIER = edu.gsingh9.lifecounterUITests;
				PRODUCT_NAME = "$(TARGET_NAME)";
				SWIFT_EMIT_LOC_STRINGS = NO;
				SWIFT_VERSION = 5.0;
				TARGETED_DEVICE_FAMILY = "1,2";
				TEST_TARGET_NAME = lifecounter;
			};
			name = Debug;
		};
		6637CE432BCF927B000FF2AB /* Release */ = {
			isa = XCBuildConfiguration;
			buildSettings = {
				ALWAYS_EMBED_SWIFT_STANDARD_LIBRARIES = YES;
				CODE_SIGN_STYLE = Automatic;
				CURRENT_PROJECT_VERSION = 1;
				DEVELOPMENT_TEAM = BAHNF9ZAAF;
				GENERATE_INFOPLIST_FILE = YES;
				MARKETING_VERSION = 1.0;
				PRODUCT_BUNDLE_IDENTIFIER = edu.gsingh9.lifecounterUITests;
				PRODUCT_NAME = "$(TARGET_NAME)";
				SWIFT_EMIT_LOC_STRINGS = NO;
				SWIFT_VERSION = 5.0;
				TARGETED_DEVICE_FAMILY = "1,2";
				TEST_TARGET_NAME = lifecounter;
			};
			name = Release;
		};
/* End XCBuildConfiguration section */

/* Begin XCConfigurationList section */
		6637CE0C2BCF9277000FF2AB /* Build configuration list for PBXProject "lifecounter" */ = {
			isa = XCConfigurationList;
			buildConfigurations = (
				6637CE392BCF927B000FF2AB /* Debug */,
				6637CE3A2BCF927B000FF2AB /* Release */,
			);
			defaultConfigurationIsVisible = 0;
			defaultConfigurationName = Release;
		};
		6637CE3B2BCF927B000FF2AB /* Build configuration list for PBXNativeTarget "lifecounter" */ = {
			isa = XCConfigurationList;
			buildConfigurations = (
				6637CE3C2BCF927B000FF2AB /* Debug */,
				6637CE3D2BCF927B000FF2AB /* Release */,
			);
			defaultConfigurationIsVisible = 0;
			defaultConfigurationName = Release;
		};
		6637CE3E2BCF927B000FF2AB /* Build configuration list for PBXNativeTarget "lifecounterTests" */ = {
			isa = XCConfigurationList;
			buildConfigurations = (
				6637CE3F2BCF927B000FF2AB /* Debug */,
				6637CE402BCF927B000FF2AB /* Release */,
			);
			defaultConfigurationIsVisible = 0;
			defaultConfigurationName = Release;
		};
		6637CE412BCF927B000FF2AB /* Build configuration list for PBXNativeTarget "lifecounterUITests" */ = {
			isa = XCConfigurationList;
			buildConfigurations = (
				6637CE422BCF927B000FF2AB /* Debug */,
				6637CE432BCF927B000FF2AB /* Release */,
			);
			defaultConfigurationIsVisible = 0;
			defaultConfigurationName = Release;
		};
/* End XCConfigurationList section */
	};
	rootObject = 6637CE092BCF9277000FF2AB /* Project object */;
}
